
Microsoft Visual Studio Solution File, Format Version 12.00
# Visual Studio Version 16
VisualStudioVersion = 16.0.29411.108
MinimumVisualStudioVersion = 10.0.40219.1
Project("{FAE04EC0-301F-11D3-BF4B-00C04F79EFBC}") = "DOA_Sony.WebAPI", ".\DOA_Sony.WebAPI\DOA_Sony.WebAPI.csproj", "{009E1247-5D41-4A69-9E7D-7A2B8478B7E3}"
EndProject
Project("{FAE04EC0-301F-11D3-BF4B-00C04F79EFBC}") = "DOA_Sony.DataLayer", ".\DOA_Sony.DataLayer\DOA_Sony.DataLayer.csproj", "{06818C01-9B4B-46C0-93FF-A947D858298D}"
EndProject
Project("{FAE04EC0-301F-11D3-BF4B-00C04F79EFBC}") = "DOA_Sony.BusinessLayer", ".\DOA_Sony.BusinessLayer\DOA_Sony.BusinessLayer.csproj", "{8B051BDF-C4C0-4E95-9A2C-D6399A377C7A}"
EndProject
Global
	GlobalSection(SolutionConfigurationPlatforms) = preSolution
		Debug|Any CPU = Debug|Any CPU
		Release|Any CPU = Release|Any CPU
	EndGlobalSection
	GlobalSection(ProjectConfigurationPlatforms) = postSolution
		{009E1247-5D41-4A69-9E7D-7A2B8478B7E3}.Debug|Any CPU.ActiveCfg = Debug|Any CPU
		{009E1247-5D41-4A69-9E7D-7A2B8478B7E3}.Debug|Any CPU.Build.0 = Debug|Any CPU
		{009E1247-5D41-4A69-9E7D-7A2B8478B7E3}.Release|Any CPU.ActiveCfg = Release|Any CPU
		{009E1247-5D41-4A69-9E7D-7A2B8478B7E3}.Release|Any CPU.Build.0 = Release|Any CPU
		{06818C01-9B4B-46C0-93FF-A947D858298D}.Debug|Any CPU.ActiveCfg = Debug|Any CPU
		{06818C01-9B4B-46C0-93FF-A947D858298D}.Debug|Any CPU.Build.0 = Debug|Any CPU
		{06818C01-9B4B-46C0-93FF-A947D858298D}.Release|Any CPU.ActiveCfg = Release|Any CPU
		{06818C01-9B4B-46C0-93FF-A947D858298D}.Release|Any CPU.Build.0 = Release|Any CPU
		{8B051BDF-C4C0-4E95-9A2C-D6399A377C7A}.Debug|Any CPU.ActiveCfg = Debug|Any CPU
		{8B051BDF-C4C0-4E95-9A2C-D6399A377C7A}.Debug|Any CPU.Build.0 = Debug|Any CPU
		{8B051BDF-C4C0-4E95-9A2C-D6399A377C7A}.Release|Any CPU.ActiveCfg = Release|Any CPU
		{8B051BDF-C4C0-4E95-9A2C-D6399A377C7A}.Release|Any CPU.Build.0 = Release|Any CPU
	EndGlobalSection
	GlobalSection(SolutionProperties) = preSolution
		HideSolutionNode = FALSE
	EndGlobalSection
	GlobalSection(ExtensibilityGlobals) = postSolution
		SolutionGuid = {7F6AA421-AF60-476A-949A-E715C7B6EA42}
	EndGlobalSection
EndGlobal
