
Microsoft Visual Studio Solution File, Format Version 12.00
# Visual Studio 15
VisualStudioVersion = 15.0.26124.0
MinimumVisualStudioVersion = 15.0.26124.0
Project("{2150E333-8FDC-42A3-9474-1A3956D46DE8}") = "src", "src", "{CCC102F6-EE84-4993-85BC-4A2ACAD9942C}"
EndProject
Project("{FAE04EC0-301F-11D3-BF4B-00C04F79EFBC}") = "OplogIdentity.Admin", "src\OplogIdentity.Admin\OplogIdentity.Admin.csproj", "{2194A620-0369-4114-871A-B4E255A51D3C}"
EndProject
Project("{FAE04EC0-301F-11D3-BF4B-00C04F79EFBC}") = "OplogIdentity.STS.Identity", "src\OplogIdentity.STS.Identity\OplogIdentity.STS.Identity.csproj", "{F8310D7D-D1B3-4B6A-9159-57D304D84D62}"
EndProject
Project("{FAE04EC0-301F-11D3-BF4B-00C04F79EFBC}") = "OplogIdentity.Admin.Api", "src\OplogIdentity.Admin.Api\OplogIdentity.Admin.Api.csproj", "{5643A84B-7747-497C-A987-5649BAC2C593}"
EndProject
Project("{FAE04EC0-301F-11D3-BF4B-00C04F79EFBC}") = "OplogIdentity.Admin.EntityFramework.Shared", "src\OplogIdentity.Admin.EntityFramework.Shared\OplogIdentity.Admin.EntityFramework.Shared.csproj", "{970DCFC9-4BF7-462D-A136-7C102D3D7461}"
EndProject
Project("{FAE04EC0-301F-11D3-BF4B-00C04F79EFBC}") = "OplogIdentity.Admin.EntityFramework.MySql", "src\OplogIdentity.Admin.EntityFramework.MySql\OplogIdentity.Admin.EntityFramework.MySql.csproj", "{20D496D7-D31F-4831-96F9-00A6ACF22399}"
EndProject
Project("{FAE04EC0-301F-11D3-BF4B-00C04F79EFBC}") = "OplogIdentity.Admin.EntityFramework.PostgreSQL", "src\OplogIdentity.Admin.EntityFramework.PostgreSQL\OplogIdentity.Admin.EntityFramework.PostgreSQL.csproj", "{64BE6066-B6CA-4013-A30E-F21F4B15D495}"
EndProject
Project("{FAE04EC0-301F-11D3-BF4B-00C04F79EFBC}") = "OplogIdentity.Admin.EntityFramework.SqlServer", "src\OplogIdentity.Admin.EntityFramework.SqlServer\OplogIdentity.Admin.EntityFramework.SqlServer.csproj", "{0881B51C-3A45-42BD-87FE-4CF50E3DDFC4}"
EndProject
Global
	GlobalSection(SolutionConfigurationPlatforms) = preSolution
		Debug|Any CPU = Debug|Any CPU
		Debug|x64 = Debug|x64
		Debug|x86 = Debug|x86
		Release|Any CPU = Release|Any CPU
		Release|x64 = Release|x64
		Release|x86 = Release|x86
	EndGlobalSection
	GlobalSection(SolutionProperties) = preSolution
		HideSolutionNode = FALSE
	EndGlobalSection
	GlobalSection(ProjectConfigurationPlatforms) = postSolution
		{2194A620-0369-4114-871A-B4E255A51D3C}.Debug|Any CPU.ActiveCfg = Debug|Any CPU
		{2194A620-0369-4114-871A-B4E255A51D3C}.Debug|Any CPU.Build.0 = Debug|Any CPU
		{2194A620-0369-4114-871A-B4E255A51D3C}.Debug|x64.ActiveCfg = Debug|Any CPU
		{2194A620-0369-4114-871A-B4E255A51D3C}.Debug|x64.Build.0 = Debug|Any CPU
		{2194A620-0369-4114-871A-B4E255A51D3C}.Debug|x86.ActiveCfg = Debug|Any CPU
		{2194A620-0369-4114-871A-B4E255A51D3C}.Debug|x86.Build.0 = Debug|Any CPU
		{2194A620-0369-4114-871A-B4E255A51D3C}.Release|Any CPU.ActiveCfg = Release|Any CPU
		{2194A620-0369-4114-871A-B4E255A51D3C}.Release|Any CPU.Build.0 = Release|Any CPU
		{2194A620-0369-4114-871A-B4E255A51D3C}.Release|x64.ActiveCfg = Release|Any CPU
		{2194A620-0369-4114-871A-B4E255A51D3C}.Release|x64.Build.0 = Release|Any CPU
		{2194A620-0369-4114-871A-B4E255A51D3C}.Release|x86.ActiveCfg = Release|Any CPU
		{2194A620-0369-4114-871A-B4E255A51D3C}.Release|x86.Build.0 = Release|Any CPU
		{F8310D7D-D1B3-4B6A-9159-57D304D84D62}.Debug|Any CPU.ActiveCfg = Debug|Any CPU
		{F8310D7D-D1B3-4B6A-9159-57D304D84D62}.Debug|Any CPU.Build.0 = Debug|Any CPU
		{F8310D7D-D1B3-4B6A-9159-57D304D84D62}.Debug|x64.ActiveCfg = Debug|Any CPU
		{F8310D7D-D1B3-4B6A-9159-57D304D84D62}.Debug|x64.Build.0 = Debug|Any CPU
		{F8310D7D-D1B3-4B6A-9159-57D304D84D62}.Debug|x86.ActiveCfg = Debug|Any CPU
		{F8310D7D-D1B3-4B6A-9159-57D304D84D62}.Debug|x86.Build.0 = Debug|Any CPU
		{F8310D7D-D1B3-4B6A-9159-57D304D84D62}.Release|Any CPU.ActiveCfg = Release|Any CPU
		{F8310D7D-D1B3-4B6A-9159-57D304D84D62}.Release|Any CPU.Build.0 = Release|Any CPU
		{F8310D7D-D1B3-4B6A-9159-57D304D84D62}.Release|x64.ActiveCfg = Release|Any CPU
		{F8310D7D-D1B3-4B6A-9159-57D304D84D62}.Release|x64.Build.0 = Release|Any CPU
		{F8310D7D-D1B3-4B6A-9159-57D304D84D62}.Release|x86.ActiveCfg = Release|Any CPU
		{F8310D7D-D1B3-4B6A-9159-57D304D84D62}.Release|x86.Build.0 = Release|Any CPU
		{5643A84B-7747-497C-A987-5649BAC2C593}.Debug|Any CPU.ActiveCfg = Debug|Any CPU
		{5643A84B-7747-497C-A987-5649BAC2C593}.Debug|Any CPU.Build.0 = Debug|Any CPU
		{5643A84B-7747-497C-A987-5649BAC2C593}.Debug|x64.ActiveCfg = Debug|Any CPU
		{5643A84B-7747-497C-A987-5649BAC2C593}.Debug|x64.Build.0 = Debug|Any CPU
		{5643A84B-7747-497C-A987-5649BAC2C593}.Debug|x86.ActiveCfg = Debug|Any CPU
		{5643A84B-7747-497C-A987-5649BAC2C593}.Debug|x86.Build.0 = Debug|Any CPU
		{5643A84B-7747-497C-A987-5649BAC2C593}.Release|Any CPU.ActiveCfg = Release|Any CPU
		{5643A84B-7747-497C-A987-5649BAC2C593}.Release|Any CPU.Build.0 = Release|Any CPU
		{5643A84B-7747-497C-A987-5649BAC2C593}.Release|x64.ActiveCfg = Release|Any CPU
		{5643A84B-7747-497C-A987-5649BAC2C593}.Release|x64.Build.0 = Release|Any CPU
		{5643A84B-7747-497C-A987-5649BAC2C593}.Release|x86.ActiveCfg = Release|Any CPU
		{5643A84B-7747-497C-A987-5649BAC2C593}.Release|x86.Build.0 = Release|Any CPU
		{970DCFC9-4BF7-462D-A136-7C102D3D7461}.Debug|Any CPU.ActiveCfg = Debug|Any CPU
		{970DCFC9-4BF7-462D-A136-7C102D3D7461}.Debug|Any CPU.Build.0 = Debug|Any CPU
		{970DCFC9-4BF7-462D-A136-7C102D3D7461}.Debug|x64.ActiveCfg = Debug|Any CPU
		{970DCFC9-4BF7-462D-A136-7C102D3D7461}.Debug|x64.Build.0 = Debug|Any CPU
		{970DCFC9-4BF7-462D-A136-7C102D3D7461}.Debug|x86.ActiveCfg = Debug|Any CPU
		{970DCFC9-4BF7-462D-A136-7C102D3D7461}.Debug|x86.Build.0 = Debug|Any CPU
		{970DCFC9-4BF7-462D-A136-7C102D3D7461}.Release|Any CPU.ActiveCfg = Release|Any CPU
		{970DCFC9-4BF7-462D-A136-7C102D3D7461}.Release|Any CPU.Build.0 = Release|Any CPU
		{970DCFC9-4BF7-462D-A136-7C102D3D7461}.Release|x64.ActiveCfg = Release|Any CPU
		{970DCFC9-4BF7-462D-A136-7C102D3D7461}.Release|x64.Build.0 = Release|Any CPU
		{970DCFC9-4BF7-462D-A136-7C102D3D7461}.Release|x86.ActiveCfg = Release|Any CPU
		{970DCFC9-4BF7-462D-A136-7C102D3D7461}.Release|x86.Build.0 = Release|Any CPU
		{20D496D7-D31F-4831-96F9-00A6ACF22399}.Debug|Any CPU.ActiveCfg = Debug|Any CPU
		{20D496D7-D31F-4831-96F9-00A6ACF22399}.Debug|Any CPU.Build.0 = Debug|Any CPU
		{20D496D7-D31F-4831-96F9-00A6ACF22399}.Debug|x64.ActiveCfg = Debug|Any CPU
		{20D496D7-D31F-4831-96F9-00A6ACF22399}.Debug|x64.Build.0 = Debug|Any CPU
		{20D496D7-D31F-4831-96F9-00A6ACF22399}.Debug|x86.ActiveCfg = Debug|Any CPU
		{20D496D7-D31F-4831-96F9-00A6ACF22399}.Debug|x86.Build.0 = Debug|Any CPU
		{20D496D7-D31F-4831-96F9-00A6ACF22399}.Release|Any CPU.ActiveCfg = Release|Any CPU
		{20D496D7-D31F-4831-96F9-00A6ACF22399}.Release|Any CPU.Build.0 = Release|Any CPU
		{20D496D7-D31F-4831-96F9-00A6ACF22399}.Release|x64.ActiveCfg = Release|Any CPU
		{20D496D7-D31F-4831-96F9-00A6ACF22399}.Release|x64.Build.0 = Release|Any CPU
		{20D496D7-D31F-4831-96F9-00A6ACF22399}.Release|x86.ActiveCfg = Release|Any CPU
		{20D496D7-D31F-4831-96F9-00A6ACF22399}.Release|x86.Build.0 = Release|Any CPU
		{64BE6066-B6CA-4013-A30E-F21F4B15D495}.Debug|Any CPU.ActiveCfg = Debug|Any CPU
		{64BE6066-B6CA-4013-A30E-F21F4B15D495}.Debug|Any CPU.Build.0 = Debug|Any CPU
		{64BE6066-B6CA-4013-A30E-F21F4B15D495}.Debug|x64.ActiveCfg = Debug|Any CPU
		{64BE6066-B6CA-4013-A30E-F21F4B15D495}.Debug|x64.Build.0 = Debug|Any CPU
		{64BE6066-B6CA-4013-A30E-F21F4B15D495}.Debug|x86.ActiveCfg = Debug|Any CPU
		{64BE6066-B6CA-4013-A30E-F21F4B15D495}.Debug|x86.Build.0 = Debug|Any CPU
		{64BE6066-B6CA-4013-A30E-F21F4B15D495}.Release|Any CPU.ActiveCfg = Release|Any CPU
		{64BE6066-B6CA-4013-A30E-F21F4B15D495}.Release|Any CPU.Build.0 = Release|Any CPU
		{64BE6066-B6CA-4013-A30E-F21F4B15D495}.Release|x64.ActiveCfg = Release|Any CPU
		{64BE6066-B6CA-4013-A30E-F21F4B15D495}.Release|x64.Build.0 = Release|Any CPU
		{64BE6066-B6CA-4013-A30E-F21F4B15D495}.Release|x86.ActiveCfg = Release|Any CPU
		{64BE6066-B6CA-4013-A30E-F21F4B15D495}.Release|x86.Build.0 = Release|Any CPU
		{0881B51C-3A45-42BD-87FE-4CF50E3DDFC4}.Debug|Any CPU.ActiveCfg = Debug|Any CPU
		{0881B51C-3A45-42BD-87FE-4CF50E3DDFC4}.Debug|Any CPU.Build.0 = Debug|Any CPU
		{0881B51C-3A45-42BD-87FE-4CF50E3DDFC4}.Debug|x64.ActiveCfg = Debug|Any CPU
		{0881B51C-3A45-42BD-87FE-4CF50E3DDFC4}.Debug|x64.Build.0 = Debug|Any CPU
		{0881B51C-3A45-42BD-87FE-4CF50E3DDFC4}.Debug|x86.ActiveCfg = Debug|Any CPU
		{0881B51C-3A45-42BD-87FE-4CF50E3DDFC4}.Debug|x86.Build.0 = Debug|Any CPU
		{0881B51C-3A45-42BD-87FE-4CF50E3DDFC4}.Release|Any CPU.ActiveCfg = Release|Any CPU
		{0881B51C-3A45-42BD-87FE-4CF50E3DDFC4}.Release|Any CPU.Build.0 = Release|Any CPU
		{0881B51C-3A45-42BD-87FE-4CF50E3DDFC4}.Release|x64.ActiveCfg = Release|Any CPU
		{0881B51C-3A45-42BD-87FE-4CF50E3DDFC4}.Release|x64.Build.0 = Release|Any CPU
		{0881B51C-3A45-42BD-87FE-4CF50E3DDFC4}.Release|x86.ActiveCfg = Release|Any CPU
		{0881B51C-3A45-42BD-87FE-4CF50E3DDFC4}.Release|x86.Build.0 = Release|Any CPU
	EndGlobalSection
	GlobalSection(NestedProjects) = preSolution
		{2194A620-0369-4114-871A-B4E255A51D3C} = {CCC102F6-EE84-4993-85BC-4A2ACAD9942C}
		{F8310D7D-D1B3-4B6A-9159-57D304D84D62} = {CCC102F6-EE84-4993-85BC-4A2ACAD9942C}
		{5643A84B-7747-497C-A987-5649BAC2C593} = {CCC102F6-EE84-4993-85BC-4A2ACAD9942C}
		{970DCFC9-4BF7-462D-A136-7C102D3D7461} = {CCC102F6-EE84-4993-85BC-4A2ACAD9942C}
		{20D496D7-D31F-4831-96F9-00A6ACF22399} = {CCC102F6-EE84-4993-85BC-4A2ACAD9942C}
		{64BE6066-B6CA-4013-A30E-F21F4B15D495} = {CCC102F6-EE84-4993-85BC-4A2ACAD9942C}
		{0881B51C-3A45-42BD-87FE-4CF50E3DDFC4} = {CCC102F6-EE84-4993-85BC-4A2ACAD9942C}
	EndGlobalSection
EndGlobal
